
Microsoft Visual Studio Solution File, Format Version 12.00
# Visual Studio 15
VisualStudioVersion = 15.0.26124.0
MinimumVisualStudioVersion = 15.0.26124.0
Project("{2150E333-8FDC-42A3-9474-1A3956D46DE8}") = "src", "src", "{75EE5C8D-375B-403D-9DAE-1A1B2EBD90EB}"
EndProject
Project("{FAE04EC0-301F-11D3-BF4B-00C04F79EFBC}") = "heitech.efXt", "src\heitech.efXt\heitech.efXt.csproj", "{6CC638A6-EEE6-43A4-A179-283548F295BB}"
EndProject
Project("{FAE04EC0-301F-11D3-BF4B-00C04F79EFBC}") = "heitech.efXt.Tests", "src\heitech.efXt.Tests\heitech.efXt.Tests.csproj", "{0C4437D5-E76A-40E3-9B0A-2149C436ACAD}"
EndProject
Project("{FAE04EC0-301F-11D3-BF4B-00C04F79EFBC}") = "tests", "tests\tests.csproj", "{DE8E54FC-71CD-4DB8-8EE9-6242F97A30D6}"
EndProject
Global
	GlobalSection(SolutionConfigurationPlatforms) = preSolution
		Debug|Any CPU = Debug|Any CPU
		Debug|x64 = Debug|x64
		Debug|x86 = Debug|x86
		Release|Any CPU = Release|Any CPU
		Release|x64 = Release|x64
		Release|x86 = Release|x86
	EndGlobalSection
	GlobalSection(SolutionProperties) = preSolution
		HideSolutionNode = FALSE
	EndGlobalSection
	GlobalSection(ProjectConfigurationPlatforms) = postSolution
		{6CC638A6-EEE6-43A4-A179-283548F295BB}.Debug|Any CPU.ActiveCfg = Debug|Any CPU
		{6CC638A6-EEE6-43A4-A179-283548F295BB}.Debug|Any CPU.Build.0 = Debug|Any CPU
		{6CC638A6-EEE6-43A4-A179-283548F295BB}.Debug|x64.ActiveCfg = Debug|Any CPU
		{6CC638A6-EEE6-43A4-A179-283548F295BB}.Debug|x64.Build.0 = Debug|Any CPU
		{6CC638A6-EEE6-43A4-A179-283548F295BB}.Debug|x86.ActiveCfg = Debug|Any CPU
		{6CC638A6-EEE6-43A4-A179-283548F295BB}.Debug|x86.Build.0 = Debug|Any CPU
		{6CC638A6-EEE6-43A4-A179-283548F295BB}.Release|Any CPU.ActiveCfg = Release|Any CPU
		{6CC638A6-EEE6-43A4-A179-283548F295BB}.Release|Any CPU.Build.0 = Release|Any CPU
		{6CC638A6-EEE6-43A4-A179-283548F295BB}.Release|x64.ActiveCfg = Release|Any CPU
		{6CC638A6-EEE6-43A4-A179-283548F295BB}.Release|x64.Build.0 = Release|Any CPU
		{6CC638A6-EEE6-43A4-A179-283548F295BB}.Release|x86.ActiveCfg = Release|Any CPU
		{6CC638A6-EEE6-43A4-A179-283548F295BB}.Release|x86.Build.0 = Release|Any CPU
		{0C4437D5-E76A-40E3-9B0A-2149C436ACAD}.Debug|Any CPU.ActiveCfg = Debug|Any CPU
		{0C4437D5-E76A-40E3-9B0A-2149C436ACAD}.Debug|Any CPU.Build.0 = Debug|Any CPU
		{0C4437D5-E76A-40E3-9B0A-2149C436ACAD}.Debug|x64.ActiveCfg = Debug|Any CPU
		{0C4437D5-E76A-40E3-9B0A-2149C436ACAD}.Debug|x64.Build.0 = Debug|Any CPU
		{0C4437D5-E76A-40E3-9B0A-2149C436ACAD}.Debug|x86.ActiveCfg = Debug|Any CPU
		{0C4437D5-E76A-40E3-9B0A-2149C436ACAD}.Debug|x86.Build.0 = Debug|Any CPU
		{0C4437D5-E76A-40E3-9B0A-2149C436ACAD}.Release|Any CPU.ActiveCfg = Release|Any CPU
		{0C4437D5-E76A-40E3-9B0A-2149C436ACAD}.Release|Any CPU.Build.0 = Release|Any CPU
		{0C4437D5-E76A-40E3-9B0A-2149C436ACAD}.Release|x64.ActiveCfg = Release|Any CPU
		{0C4437D5-E76A-40E3-9B0A-2149C436ACAD}.Release|x64.Build.0 = Release|Any CPU
		{0C4437D5-E76A-40E3-9B0A-2149C436ACAD}.Release|x86.ActiveCfg = Release|Any CPU
		{0C4437D5-E76A-40E3-9B0A-2149C436ACAD}.Release|x86.Build.0 = Release|Any CPU
		{DE8E54FC-71CD-4DB8-8EE9-6242F97A30D6}.Debug|Any CPU.ActiveCfg = Debug|Any CPU
		{DE8E54FC-71CD-4DB8-8EE9-6242F97A30D6}.Debug|Any CPU.Build.0 = Debug|Any CPU
		{DE8E54FC-71CD-4DB8-8EE9-6242F97A30D6}.Debug|x64.ActiveCfg = Debug|Any CPU
		{DE8E54FC-71CD-4DB8-8EE9-6242F97A30D6}.Debug|x64.Build.0 = Debug|Any CPU
		{DE8E54FC-71CD-4DB8-8EE9-6242F97A30D6}.Debug|x86.ActiveCfg = Debug|Any CPU
		{DE8E54FC-71CD-4DB8-8EE9-6242F97A30D6}.Debug|x86.Build.0 = Debug|Any CPU
		{DE8E54FC-71CD-4DB8-8EE9-6242F97A30D6}.Release|Any CPU.ActiveCfg = Release|Any CPU
		{DE8E54FC-71CD-4DB8-8EE9-6242F97A30D6}.Release|Any CPU.Build.0 = Release|Any CPU
		{DE8E54FC-71CD-4DB8-8EE9-6242F97A30D6}.Release|x64.ActiveCfg = Release|Any CPU
		{DE8E54FC-71CD-4DB8-8EE9-6242F97A30D6}.Release|x64.Build.0 = Release|Any CPU
		{DE8E54FC-71CD-4DB8-8EE9-6242F97A30D6}.Release|x86.ActiveCfg = Release|Any CPU
		{DE8E54FC-71CD-4DB8-8EE9-6242F97A30D6}.Release|x86.Build.0 = Release|Any CPU
	EndGlobalSection
	GlobalSection(NestedProjects) = preSolution
		{6CC638A6-EEE6-43A4-A179-283548F295BB} = {75EE5C8D-375B-403D-9DAE-1A1B2EBD90EB}
		{0C4437D5-E76A-40E3-9B0A-2149C436ACAD} = {75EE5C8D-375B-403D-9DAE-1A1B2EBD90EB}
	EndGlobalSection
EndGlobal
